
Microsoft Visual Studio Solution File, Format Version 12.00
# Visual Studio Version 16
VisualStudioVersion = 16.0.30413.136
MinimumVisualStudioVersion = 10.0.40219.1
Project("{9A19103F-16F7-4668-BE54-9A1E7A4F7556}") = "WebApplication111", "WebApplication111\WebApplication111.csproj", "{826444BE-73FE-4EF8-B32E-BD88C9E334EC}"
EndProject
Project("{FAE04EC0-301F-11D3-BF4B-00C04F79EFBC}") = "XUnitTestProject1", "XUnitTestProject1\XUnitTestProject1.csproj", "{8B9AB2AB-3785-4429-B3F3-C8ED06D62A72}"
EndProject
Global
	GlobalSection(SolutionConfigurationPlatforms) = preSolution
		Debug|Any CPU = Debug|Any CPU
		Release|Any CPU = Release|Any CPU
	EndGlobalSection
	GlobalSection(ProjectConfigurationPlatforms) = postSolution
		{826444BE-73FE-4EF8-B32E-BD88C9E334EC}.Debug|Any CPU.ActiveCfg = Debug|Any CPU
		{826444BE-73FE-4EF8-B32E-BD88C9E334EC}.Debug|Any CPU.Build.0 = Debug|Any CPU
		{826444BE-73FE-4EF8-B32E-BD88C9E334EC}.Release|Any CPU.ActiveCfg = Release|Any CPU
		{826444BE-73FE-4EF8-B32E-BD88C9E334EC}.Release|Any CPU.Build.0 = Release|Any CPU
		{8B9AB2AB-3785-4429-B3F3-C8ED06D62A72}.Debug|Any CPU.ActiveCfg = Debug|Any CPU
		{8B9AB2AB-3785-4429-B3F3-C8ED06D62A72}.Debug|Any CPU.Build.0 = Debug|Any CPU
		{8B9AB2AB-3785-4429-B3F3-C8ED06D62A72}.Release|Any CPU.ActiveCfg = Release|Any CPU
		{8B9AB2AB-3785-4429-B3F3-C8ED06D62A72}.Release|Any CPU.Build.0 = Release|Any CPU
	EndGlobalSection
	GlobalSection(SolutionProperties) = preSolution
		HideSolutionNode = FALSE
	EndGlobalSection
	GlobalSection(ExtensibilityGlobals) = postSolution
		SolutionGuid = {68BB89B6-B90D-4FD8-B351-39384ED76280}
	EndGlobalSection
EndGlobal
